// !$*UTF8*$!
{
	archiveVersion = 1;
	classes = {
	};
	objectVersion = 77;
	objects = {

/* Begin PBXBuildFile section */
		005E1D54998220DBD0E30BDA /* ProviderRouter.swift in Sources */ = {isa = PBXBuildFile; fileRef = CA828981BFD6756A2D91E18E /* ProviderRouter.swift */; };
		00E1D37BC8999CDDC842E4E6 /* ProviderResponse.swift in Sources */ = {isa = PBXBuildFile; fileRef = 3FF08A245FB79F171355EF26 /* ProviderResponse.swift */; };
		047326E85DDBD68DF1E9F76F /* SettingsView.swift in Sources */ = {isa = PBXBuildFile; fileRef = 5F6B6C8ABF1D3118CAC40AD3 /* SettingsView.swift */; };
		0506470D889620DF73A11605 /* CustomLauncherService.swift in Sources */ = {isa = PBXBuildFile; fileRef = 2E9D4C5DA498073AE8D14D69 /* CustomLauncherService.swift */; };
		A1B2C3D4E5F60718293A4B5C /* WebControlServer.swift in Sources */ = {isa = PBXBuildFile; fileRef = D6E7F8091A2B3C4D5E6F7081 /* WebControlServer.swift */; };
		0E159ECD222E2E1AF710C4F0 /* BotIntegrationService.swift in Sources */ = {isa = PBXBuildFile; fileRef = DF71D4B064CE98F4D7EAB1B3 /* BotIntegrationService.swift */; };
		1075EFEE4F2CCF51949A42F8 /* MessageTranslator.swift in Sources */ = {isa = PBXBuildFile; fileRef = B0190A6E89400E44C03D081F /* MessageTranslator.swift */; };
		2ACBEF2C9EBA8DCD0DB76FE2 /* MessagesRequest.swift in Sources */ = {isa = PBXBuildFile; fileRef = B7BD785E9B46D2962B5506F4 /* MessagesRequest.swift */; };
		2AF9D1C072EEB63E909B888D /* SSEFormatter.swift in Sources */ = {isa = PBXBuildFile; fileRef = EA91F517DBC8BE667E5DEDD2 /* SSEFormatter.swift */; };
		2E1A3237E5A6AD3F4669F17B /* ProviderPresets.swift in Sources */ = {isa = PBXBuildFile; fileRef = CA65EC69A4CA99019C74386C /* ProviderPresets.swift */; };
		306D6937FFE787AA5B2F3CED /* SystemProxyManager.swift in Sources */ = {isa = PBXBuildFile; fileRef = 8A800A0BE3EA6E07C41EF95F /* SystemProxyManager.swift */; };
		30987DB4D2CA48EE56CA4356 /* StatusItemManager.swift in Sources */ = {isa = PBXBuildFile; fileRef = 5CADC5FCE00C916BB2185C44 /* StatusItemManager.swift */; };
		315B552649CAE9972AD4A8D80014A28D /* ProviderValidator.swift in Sources */ = {isa = PBXBuildFile; fileRef = 99D143B7FA525428B8314F76B297E7CC /* ProviderValidator.swift */; };
		3C7DB2EAB822696E016793B6 /* DirectTLSHandler.swift in Sources */ = {isa = PBXBuildFile; fileRef = E831B4E61CED1376147E4AC4 /* DirectTLSHandler.swift */; };
		41D7DE58D81A1018ACF69294 /* PEMIdentityLoader.swift in Sources */ = {isa = PBXBuildFile; fileRef = E91FFBB748AEE89C388B6B36 /* PEMIdentityLoader.swift */; };
		48983216D9583B49E6303FAA /* RequestClassifier.swift in Sources */ = {isa = PBXBuildFile; fileRef = B6C1EE86A391EF962270A170 /* RequestClassifier.swift */; };
		62C2FD6E44F848D3DAFBEB67 /* DirectDNSResolver.swift in Sources */ = {isa = PBXBuildFile; fileRef = FFCB1B614E1F299AAD4F9E0E /* DirectDNSResolver.swift */; };
		644A6E29016D7CD42F0D0330 /* JXRouterView.swift in Sources */ = {isa = PBXBuildFile; fileRef = EA2D6BECDFE6E84F2A60E513 /* JXRouterView.swift */; };
		6828DCDED22EB351766C0CD5 /* CertificateAuthority.swift in Sources */ = {isa = PBXBuildFile; fileRef = 9CFE43496DD733D595F057A1 /* CertificateAuthority.swift */; };
		74AC9D59AD58EFF4A4B44DEE /* Assets.xcassets in Resources */ = {isa = PBXBuildFile; fileRef = E9C2B90A5DCA5D29F2BEC039 /* Assets.xcassets */; };
		787F19D30B1129115B86CBFB8FC3E234 /* LocalProviderDetector.swift in Sources */ = {isa = PBXBuildFile; fileRef = BB4E666D46E00C60F4D4EAE747C24444 /* LocalProviderDetector.swift */; };
		7C7F6D3D97AABBE0AE0C5D96 /* DesignTokens.swift in Sources */ = {isa = PBXBuildFile; fileRef = 576276471E20C6D631E44F82 /* DesignTokens.swift */; };
		86CD8560AA5A99FF00DF0F00 /* LocalModelManager.swift in Sources */ = {isa = PBXBuildFile; fileRef = 653E08473BE316F12894F44A /* LocalModelManager.swift */; };
		89504D0D0E8918A22A53F19B86771C65 /* ClaudeSettingsWriter.swift in Sources */ = {isa = PBXBuildFile; fileRef = 4D2994B2AE0A24424042042C19E12B8B /* ClaudeSettingsWriter.swift */; };
		8F2761C25F7580026E40C342 /* AppDetector.swift in Sources */ = {isa = PBXBuildFile; fileRef = B94B23D08EA44978FD41A4AE /* AppDetector.swift */; };
		9E5CA33166642F43F879145F /* HTTPUtils.swift in Sources */ = {isa = PBXBuildFile; fileRef = 6494BDA04102B86380927DF7 /* HTTPUtils.swift */; };
		A383401CCCC59E755C0F0E5C /* JXRouterApp.swift in Sources */ = {isa = PBXBuildFile; fileRef = F3B46FB38F9317D83DE92916 /* JXRouterApp.swift */; };
		A8F850E0C475CD5077502118 /* AppRouteRule.swift in Sources */ = {isa = PBXBuildFile; fileRef = F0FAB96EFC86AE89DF60F64E /* AppRouteRule.swift */; };
		B573BA34270AF5400393C730 /* DNSRedirectionManager.swift in Sources */ = {isa = PBXBuildFile; fileRef = 5DF2D9AF320214520D4C1574 /* DNSRedirectionManager.swift */; };
		BE1283A295B309239A767EC1 /* NetworkRelay.swift in Sources */ = {isa = PBXBuildFile; fileRef = 24F5B2F00F9D92ED2CEAB2AE /* NetworkRelay.swift */; };
		C0F74A658EBF36D28B3F2BA0 /* AppIdentifier.swift in Sources */ = {isa = PBXBuildFile; fileRef = 18514E0CAE378F88E9D495BC /* AppIdentifier.swift */; };
		C796461322E36E7FF33A2155 /* SettingsHelpers.swift in Sources */ = {isa = PBXBuildFile; fileRef = 4391178C4A51E6DB7CAAE010 /* SettingsHelpers.swift */; };
		CED5CFA3839FC6FE4396FE47 /* ConfigManager.swift in Sources */ = {isa = PBXBuildFile; fileRef = 2669665B900523D61FAA1426 /* ConfigManager.swift */; };
		D60834AE497F971D38A2E82E /* MITMHandler.swift in Sources */ = {isa = PBXBuildFile; fileRef = FD77D0F71F44F565AE592ED5 /* MITMHandler.swift */; };
		DE8A7BE5B0E4F47EAC896761 /* ProxyManager.swift in Sources */ = {isa = PBXBuildFile; fileRef = 3D74AAB75E4B5B46D418D04F /* ProxyManager.swift */; };
		E29B38844C6D2EC6E31B75F1 /* TrafficLog.swift in Sources */ = {isa = PBXBuildFile; fileRef = 4BE4B9C28F58255BA6CC8E4E /* TrafficLog.swift */; };
		E347064ABA398AD9E64766FC /* KeychainManager.swift in Sources */ = {isa = PBXBuildFile; fileRef = 433F516E6CE02006AA2E8C9E /* KeychainManager.swift */; };
		FA93735EFFD15B2ADAE2A61F /* ProxyServer.swift in Sources */ = {isa = PBXBuildFile; fileRef = F66EA7EEDA2A2293AD93371C /* ProxyServer.swift */; };
		FA98C92DE7E808860EC13C3F /* CurlClient.swift in Sources */ = {isa = PBXBuildFile; fileRef = BF377AA9143DD21D2221F09A /* CurlClient.swift */; };
/* End PBXBuildFile section */

/* Begin PBXFileReference section */
		18514E0CAE378F88E9D495BC /* AppIdentifier.swift */ = {isa = PBXFileReference; lastKnownFileType = sourcecode.swift; name = AppIdentifier.swift; path = Sources/JXRouter/Services/AppIdentifier.swift; sourceTree = SOURCE_ROOT; };
		24F5B2F00F9D92ED2CEAB2AE /* NetworkRelay.swift */ = {isa = PBXFileReference; lastKnownFileType = sourcecode.swift; path = NetworkRelay.swift; sourceTree = "<group>"; };
		2669665B900523D61FAA1426 /* ConfigManager.swift */ = {isa = PBXFileReference; lastKnownFileType = sourcecode.swift; path = ConfigManager.swift; sourceTree = "<group>"; };
		2DF6DB3EE7687110DA182C79 /* Info.plist */ = {isa = PBXFileReference; lastKnownFileType = text.plist; path = Info.plist; sourceTree = "<group>"; };
		2E9D4C5DA498073AE8D14D69 /* CustomLauncherService.swift */ = {isa = PBXFileReference; lastKnownFileType = sourcecode.swift; name = CustomLauncherService.swift; path = Sources/JXRouter/Services/CustomLauncherService.swift; sourceTree = SOURCE_ROOT; };
		3D74AAB75E4B5B46D418D04F /* ProxyManager.swift */ = {isa = PBXFileReference; lastKnownFileType = sourcecode.swift; path = ProxyManager.swift; sourceTree = "<group>"; };
		3FF08A245FB79F171355EF26 /* ProviderResponse.swift */ = {isa = PBXFileReference; lastKnownFileType = sourcecode.swift; path = ProviderResponse.swift; sourceTree = "<group>"; };
		433F516E6CE02006AA2E8C9E /* KeychainManager.swift */ = {isa = PBXFileReference; lastKnownFileType = sourcecode.swift; path = KeychainManager.swift; sourceTree = "<group>"; };
		4391178C4A51E6DB7CAAE010 /* SettingsHelpers.swift */ = {isa = PBXFileReference; lastKnownFileType = sourcecode.swift; path = SettingsHelpers.swift; sourceTree = "<group>"; };
		4BE4B9C28F58255BA6CC8E4E /* TrafficLog.swift */ = {isa = PBXFileReference; lastKnownFileType = sourcecode.swift; path = TrafficLog.swift; sourceTree = "<group>"; };
		4D2994B2AE0A24424042042C19E12B8B /* ClaudeSettingsWriter.swift */ = {isa = PBXFileReference; lastKnownFileType = sourcecode.swift; path = ClaudeSettingsWriter.swift; sourceTree = "<group>"; };
		576276471E20C6D631E44F82 /* DesignTokens.swift */ = {isa = PBXFileReference; lastKnownFileType = sourcecode.swift; path = DesignTokens.swift; sourceTree = "<group>"; };
		5CADC5FCE00C916BB2185C44 /* StatusItemManager.swift */ = {isa = PBXFileReference; lastKnownFileType = sourcecode.swift; path = StatusItemManager.swift; sourceTree = "<group>"; };
		5DF2D9AF320214520D4C1574 /* DNSRedirectionManager.swift */ = {isa = PBXFileReference; lastKnownFileType = sourcecode.swift; path = DNSRedirectionManager.swift; sourceTree = "<group>"; };
		5F6B6C8ABF1D3118CAC40AD3 /* SettingsView.swift */ = {isa = PBXFileReference; lastKnownFileType = sourcecode.swift; path = SettingsView.swift; sourceTree = "<group>"; };
		6494BDA04102B86380927DF7 /* HTTPUtils.swift */ = {isa = PBXFileReference; lastKnownFileType = sourcecode.swift; path = HTTPUtils.swift; sourceTree = "<group>"; };
		D6E7F8091A2B3C4D5E6F7081 /* WebControlServer.swift */ = {isa = PBXFileReference; lastKnownFileType = sourcecode.swift; path = WebControlServer.swift; sourceTree = "<group>"; };
		653E08473BE316F12894F44A /* LocalModelManager.swift */ = {isa = PBXFileReference; lastKnownFileType = sourcecode.swift; path = LocalModelManager.swift; sourceTree = "<group>"; };
		8A800A0BE3EA6E07C41EF95F /* SystemProxyManager.swift */ = {isa = PBXFileReference; lastKnownFileType = sourcecode.swift; path = SystemProxyManager.swift; sourceTree = "<group>"; };
		99D143B7FA525428B8314F76B297E7CC /* ProviderValidator.swift */ = {isa = PBXFileReference; lastKnownFileType = sourcecode.swift; path = ProviderValidator.swift; sourceTree = "<group>"; };
		9CFE43496DD733D595F057A1 /* CertificateAuthority.swift */ = {isa = PBXFileReference; lastKnownFileType = sourcecode.swift; path = CertificateAuthority.swift; sourceTree = "<group>"; };
		A8AFF278008CA0C9CEB3F915 /* JXRouter.app */ = {isa = PBXFileReference; explicitFileType = wrapper.application; includeInIndex = 0; path = JXRouter.app; sourceTree = BUILT_PRODUCTS_DIR; };
		B0190A6E89400E44C03D081F /* MessageTranslator.swift */ = {isa = PBXFileReference; lastKnownFileType = sourcecode.swift; path = MessageTranslator.swift; sourceTree = "<group>"; };
		B6C1EE86A391EF962270A170 /* RequestClassifier.swift */ = {isa = PBXFileReference; lastKnownFileType = sourcecode.swift; path = RequestClassifier.swift; sourceTree = "<group>"; };
		B7BD785E9B46D2962B5506F4 /* MessagesRequest.swift */ = {isa = PBXFileReference; lastKnownFileType = sourcecode.swift; path = MessagesRequest.swift; sourceTree = "<group>"; };
		B94B23D08EA44978FD41A4AE /* AppDetector.swift */ = {isa = PBXFileReference; lastKnownFileType = sourcecode.swift; path = AppDetector.swift; sourceTree = "<group>"; };
		BB4E666D46E00C60F4D4EAE747C24444 /* LocalProviderDetector.swift */ = {isa = PBXFileReference; lastKnownFileType = sourcecode.swift; path = LocalProviderDetector.swift; sourceTree = "<group>"; };
		BF377AA9143DD21D2221F09A /* CurlClient.swift */ = {isa = PBXFileReference; lastKnownFileType = sourcecode.swift; path = CurlClient.swift; sourceTree = "<group>"; };
		CA65EC69A4CA99019C74386C /* ProviderPresets.swift */ = {isa = PBXFileReference; lastKnownFileType = sourcecode.swift; path = ProviderPresets.swift; sourceTree = "<group>"; };
		CA828981BFD6756A2D91E18E /* ProviderRouter.swift */ = {isa = PBXFileReference; lastKnownFileType = sourcecode.swift; path = ProviderRouter.swift; sourceTree = "<group>"; };
		DF71D4B064CE98F4D7EAB1B3 /* BotIntegrationService.swift */ = {isa = PBXFileReference; lastKnownFileType = sourcecode.swift; path = BotIntegrationService.swift; sourceTree = "<group>"; };
		E831B4E61CED1376147E4AC4 /* DirectTLSHandler.swift */ = {isa = PBXFileReference; lastKnownFileType = sourcecode.swift; path = DirectTLSHandler.swift; sourceTree = "<group>"; };
		E91FFBB748AEE89C388B6B36 /* PEMIdentityLoader.swift */ = {isa = PBXFileReference; lastKnownFileType = sourcecode.swift; path = PEMIdentityLoader.swift; sourceTree = "<group>"; };
		E9C2B90A5DCA5D29F2BEC039 /* Assets.xcassets */ = {isa = PBXFileReference; lastKnownFileType = folder.assetcatalog; path = Assets.xcassets; sourceTree = "<group>"; };
		EA2D6BECDFE6E84F2A60E513 /* JXRouterView.swift */ = {isa = PBXFileReference; lastKnownFileType = sourcecode.swift; path = JXRouterView.swift; sourceTree = "<group>"; };
		EA91F517DBC8BE667E5DEDD2 /* SSEFormatter.swift */ = {isa = PBXFileReference; lastKnownFileType = sourcecode.swift; path = SSEFormatter.swift; sourceTree = "<group>"; };
		F0FAB96EFC86AE89DF60F64E /* AppRouteRule.swift */ = {isa = PBXFileReference; lastKnownFileType = sourcecode.swift; path = AppRouteRule.swift; sourceTree = "<group>"; };
		F3B46FB38F9317D83DE92916 /* JXRouterApp.swift */ = {isa = PBXFileReference; lastKnownFileType = sourcecode.swift; path = JXRouterApp.swift; sourceTree = "<group>"; };
		F66EA7EEDA2A2293AD93371C /* ProxyServer.swift */ = {isa = PBXFileReference; lastKnownFileType = sourcecode.swift; path = ProxyServer.swift; sourceTree = "<group>"; };
		FD77D0F71F44F565AE592ED5 /* MITMHandler.swift */ = {isa = PBXFileReference; lastKnownFileType = sourcecode.swift; path = MITMHandler.swift; sourceTree = "<group>"; };
		FFCB1B614E1F299AAD4F9E0E /* DirectDNSResolver.swift */ = {isa = PBXFileReference; lastKnownFileType = sourcecode.swift; path = DirectDNSResolver.swift; sourceTree = "<group>"; };
/* End PBXFileReference section */

/* Begin PBXGroup section */
		18729FF9C02D89D4F018C81B /* Products */ = {
			isa = PBXGroup;
			children = (
				A8AFF278008CA0C9CEB3F915 /* JXRouter.app */,
			);
			name = Products;
			sourceTree = "<group>";
		};
		7B4636AB5EE0A3F747C2E8F2 /* Resources */ = {
			isa = PBXGroup;
			children = (
			);
			path = Resources;
			sourceTree = "<group>";
		};
		8BFE1CD2FBB6B1A74686BFE4 /* Services */ = {
			isa = PBXGroup;
			children = (
			);
			path = Services;
			sourceTree = "<group>";
		};
		C474EA0D6C99F2B9F837DBA8 /* Models */ = {
			isa = PBXGroup;
			children = (
			);
			path = Models;
			sourceTree = "<group>";
		};
		D8789259F74D3DEAA9D6C6C8 = {
			isa = PBXGroup;
			children = (
				E721D6CACE44A6C4B69B31BD /* JXRouter */,
				18729FF9C02D89D4F018C81B /* Products */,
				18514E0CAE378F88E9D495BC /* AppIdentifier.swift */,
				2E9D4C5DA498073AE8D14D69 /* CustomLauncherService.swift */,
			);
			sourceTree = "<group>";
		};
		E370EBB3254844C0F3FB25FB /* ViewModels */ = {
			isa = PBXGroup;
			children = (
			);
			path = ViewModels;
			sourceTree = "<group>";
		};
		E721D6CACE44A6C4B69B31BD /* JXRouter */ = {
			isa = PBXGroup;
			children = (
				4D2994B2AE0A24424042042C19E12B8B /* ClaudeSettingsWriter.swift */,
				99D143B7FA525428B8314F76B297E7CC /* ProviderValidator.swift */,
				BB4E666D46E00C60F4D4EAE747C24444 /* LocalProviderDetector.swift */,
				B94B23D08EA44978FD41A4AE /* AppDetector.swift */,
				F0FAB96EFC86AE89DF60F64E /* AppRouteRule.swift */,
				DF71D4B064CE98F4D7EAB1B3 /* BotIntegrationService.swift */,
				9CFE43496DD733D595F057A1 /* CertificateAuthority.swift */,
				2669665B900523D61FAA1426 /* ConfigManager.swift */,
				576276471E20C6D631E44F82 /* DesignTokens.swift */,
				E831B4E61CED1376147E4AC4 /* DirectTLSHandler.swift */,
				5DF2D9AF320214520D4C1574 /* DNSRedirectionManager.swift */,
				2DF6DB3EE7687110DA182C79 /* Info.plist */,
				F3B46FB38F9317D83DE92916 /* JXRouterApp.swift */,
				EA2D6BECDFE6E84F2A60E513 /* JXRouterView.swift */,
				433F516E6CE02006AA2E8C9E /* KeychainManager.swift */,
				FD77D0F71F44F565AE592ED5 /* MITMHandler.swift */,
				E91FFBB748AEE89C388B6B36 /* PEMIdentityLoader.swift */,
				CA65EC69A4CA99019C74386C /* ProviderPresets.swift */,
				CA828981BFD6756A2D91E18E /* ProviderRouter.swift */,
				3D74AAB75E4B5B46D418D04F /* ProxyManager.swift */,
				F66EA7EEDA2A2293AD93371C /* ProxyServer.swift */,
				B6C1EE86A391EF962270A170 /* RequestClassifier.swift */,
				5F6B6C8ABF1D3118CAC40AD3 /* SettingsView.swift */,
				D6E7F8091A2B3C4D5E6F7081 /* WebControlServer.swift */,
				5CADC5FCE00C916BB2185C44 /* StatusItemManager.swift */,
				8A800A0BE3EA6E07C41EF95F /* SystemProxyManager.swift */,
				4BE4B9C28F58255BA6CC8E4E /* TrafficLog.swift */,
				C474EA0D6C99F2B9F837DBA8 /* Models */,
				7B4636AB5EE0A3F747C2E8F2 /* Resources */,
				8BFE1CD2FBB6B1A74686BFE4 /* Services */,
				E370EBB3254844C0F3FB25FB /* ViewModels */,
				6494BDA04102B86380927DF7 /* HTTPUtils.swift */,
				24F5B2F00F9D92ED2CEAB2AE /* NetworkRelay.swift */,
				3FF08A245FB79F171355EF26 /* ProviderResponse.swift */,
				EA91F517DBC8BE667E5DEDD2 /* SSEFormatter.swift */,
				B7BD785E9B46D2962B5506F4 /* MessagesRequest.swift */,
				B0190A6E89400E44C03D081F /* MessageTranslator.swift */,
				FFCB1B614E1F299AAD4F9E0E /* DirectDNSResolver.swift */,
				BF377AA9143DD21D2221F09A /* CurlClient.swift */,
				4391178C4A51E6DB7CAAE010 /* SettingsHelpers.swift */,
				E9C2B90A5DCA5D29F2BEC039 /* Assets.xcassets */,
				653E08473BE316F12894F44A /* LocalModelManager.swift */,
			);
			name = JXRouter;
			path = Sources/JXRouter;
			sourceTree = "<group>";
		};
/* End PBXGroup section */

/* Begin PBXNativeTarget section */
		562F119199DF4940DBA99806 /* JXRouter */ = {
			isa = PBXNativeTarget;
			buildConfigurationList = DC909A65E3EF44C5EA4F5A53 /* Build configuration list for PBXNativeTarget "JXRouter" */;
			buildPhases = (
				FDA9EB0949B999245EC92DB9 /* Sources */,
				FC2D0E4B1BA1DFBBDCF58C3F /* Resources */,
			);
			buildRules = (
			);
			dependencies = (
			);
			name = JXRouter;
			packageProductDependencies = (
			);
			productName = JXRouter;
			productReference = A8AFF278008CA0C9CEB3F915 /* JXRouter.app */;
			productType = "com.apple.product-type.application";
		};
/* End PBXNativeTarget section */

/* Begin PBXProject section */
		E3A3CC1F8127AEAB55DF44D3 /* Project object */ = {
			isa = PBXProject;
			attributes = {
				BuildIndependentTargetsInParallel = YES;
				LastUpgradeCheck = 1430;
			};
			buildConfigurationList = D1A3DBD17C966BAC4D9323C9 /* Build configuration list for PBXProject "JXRouter" */;
			developmentRegion = en;
			hasScannedForEncodings = 0;
			knownRegions = (
				Base,
				en,
			);
			mainGroup = D8789259F74D3DEAA9D6C6C8;
			minimizedProjectReferenceProxies = 1;
			preferredProjectObjectVersion = 77;
			productRefGroup = 18729FF9C02D89D4F018C81B /* Products */;
			projectDirPath = "";
			projectRoot = "";
			targets = (
				562F119199DF4940DBA99806 /* JXRouter */,
			);
		};
/* End PBXProject section */

/* Begin PBXResourcesBuildPhase section */
		FC2D0E4B1BA1DFBBDCF58C3F /* Resources */ = {
			isa = PBXResourcesBuildPhase;
			buildActionMask = 2147483647;
			files = (
				74AC9D59AD58EFF4A4B44DEE /* Assets.xcassets in Resources */,
			);
			runOnlyForDeploymentPostprocessing = 0;
		};
/* End PBXResourcesBuildPhase section */

/* Begin PBXSourcesBuildPhase section */
		FDA9EB0949B999245EC92DB9 /* Sources */ = {
			isa = PBXSourcesBuildPhase;
			buildActionMask = 2147483647;
			files = (
				89504D0D0E8918A22A53F19B86771C65 /* ClaudeSettingsWriter.swift in Sources */,
				315B552649CAE9972AD4A8D80014A28D /* ProviderValidator.swift in Sources */,
				787F19D30B1129115B86CBFB8FC3E234 /* LocalProviderDetector.swift in Sources */,
				8F2761C25F7580026E40C342 /* AppDetector.swift in Sources */,
				A8F850E0C475CD5077502118 /* AppRouteRule.swift in Sources */,
				0E159ECD222E2E1AF710C4F0 /* BotIntegrationService.swift in Sources */,
				6828DCDED22EB351766C0CD5 /* CertificateAuthority.swift in Sources */,
				CED5CFA3839FC6FE4396FE47 /* ConfigManager.swift in Sources */,
				B573BA34270AF5400393C730 /* DNSRedirectionManager.swift in Sources */,
				7C7F6D3D97AABBE0AE0C5D96 /* DesignTokens.swift in Sources */,
				3C7DB2EAB822696E016793B6 /* DirectTLSHandler.swift in Sources */,
				A383401CCCC59E755C0F0E5C /* JXRouterApp.swift in Sources */,
				644A6E29016D7CD42F0D0330 /* JXRouterView.swift in Sources */,
				E347064ABA398AD9E64766FC /* KeychainManager.swift in Sources */,
				D60834AE497F971D38A2E82E /* MITMHandler.swift in Sources */,
				41D7DE58D81A1018ACF69294 /* PEMIdentityLoader.swift in Sources */,
				2E1A3237E5A6AD3F4669F17B /* ProviderPresets.swift in Sources */,
				005E1D54998220DBD0E30BDA /* ProviderRouter.swift in Sources */,
				DE8A7BE5B0E4F47EAC896761 /* ProxyManager.swift in Sources */,
				FA93735EFFD15B2ADAE2A61F /* ProxyServer.swift in Sources */,
				48983216D9583B49E6303FAA /* RequestClassifier.swift in Sources */,
				047326E85DDBD68DF1E9F76F /* SettingsView.swift in Sources */,
				A1B2C3D4E5F60718293A4B5C /* WebControlServer.swift in Sources */,
				30987DB4D2CA48EE56CA4356 /* StatusItemManager.swift in Sources */,
				306D6937FFE787AA5B2F3CED /* SystemProxyManager.swift in Sources */,
				E29B38844C6D2EC6E31B75F1 /* TrafficLog.swift in Sources */,
				C0F74A658EBF36D28B3F2BA0 /* AppIdentifier.swift in Sources */,
				0506470D889620DF73A11605 /* CustomLauncherService.swift in Sources */,
				9E5CA33166642F43F879145F /* HTTPUtils.swift in Sources */,
				BE1283A295B309239A767EC1 /* NetworkRelay.swift in Sources */,
				00E1D37BC8999CDDC842E4E6 /* ProviderResponse.swift in Sources */,
				2AF9D1C072EEB63E909B888D /* SSEFormatter.swift in Sources */,
				2ACBEF2C9EBA8DCD0DB76FE2 /* MessagesRequest.swift in Sources */,
				1075EFEE4F2CCF51949A42F8 /* MessageTranslator.swift in Sources */,
				62C2FD6E44F848D3DAFBEB67 /* DirectDNSResolver.swift in Sources */,
				FA98C92DE7E808860EC13C3F /* CurlClient.swift in Sources */,
				C796461322E36E7FF33A2155 /* SettingsHelpers.swift in Sources */,
				86CD8560AA5A99FF00DF0F00 /* LocalModelManager.swift in Sources */,
			);
			runOnlyForDeploymentPostprocessing = 0;
		};
/* End PBXSourcesBuildPhase section */

/* Begin XCBuildConfiguration section */
		A7361FDB32FC27F536602D53 /* Debug */ = {
			isa = XCBuildConfiguration;
			buildSettings = {
				ALWAYS_SEARCH_USER_PATHS = NO;
				CLANG_ANALYZER_NONNULL = YES;
				CLANG_ANALYZER_NUMBER_OBJECT_CONVERSION = YES_AGGRESSIVE;
				CLANG_CXX_LANGUAGE_STANDARD = "gnu++14";
				CLANG_CXX_LIBRARY = "libc++";
				CLANG_ENABLE_MODULES = YES;
				CLANG_ENABLE_OBJC_ARC = YES;
				CLANG_ENABLE_OBJC_WEAK = YES;
				CLANG_WARN_BLOCK_CAPTURE_AUTORELEASING = YES;
				CLANG_WARN_BOOL_CONVERSION = YES;
				CLANG_WARN_COMMA = YES;
				CLANG_WARN_CONSTANT_CONVERSION = YES;
				CLANG_WARN_DEPRECATED_OBJC_IMPLEMENTATIONS = YES;
				CLANG_WARN_DIRECT_OBJC_ISA_USAGE = YES_ERROR;
				CLANG_WARN_DOCUMENTATION_COMMENTS = YES;
				CLANG_WARN_EMPTY_BODY = YES;
				CLANG_WARN_ENUM_CONVERSION = YES;
				CLANG_WARN_INFINITE_RECURSION = YES;
				CLANG_WARN_INT_CONVERSION = YES;
				CLANG_WARN_NON_LITERAL_NULL_CONVERSION = YES;
				CLANG_WARN_OBJC_IMPLICIT_RETAIN_SELF = YES;
				CLANG_WARN_OBJC_LITERAL_CONVERSION = YES;
				CLANG_WARN_OBJC_ROOT_CLASS = YES_ERROR;
				CLANG_WARN_QUOTED_INCLUDE_IN_FRAMEWORK_HEADER = YES;
				CLANG_WARN_RANGE_LOOP_ANALYSIS = YES;
				CLANG_WARN_STRICT_PROTOTYPES = YES;
				CLANG_WARN_SUSPICIOUS_MOVE = YES;
				CLANG_WARN_UNGUARDED_AVAILABILITY = YES_AGGRESSIVE;
				CLANG_WARN_UNREACHABLE_CODE = YES;
				CLANG_WARN__DUPLICATE_METHOD_MATCH = YES;
				COPY_PHASE_STRIP = NO;
				DEBUG_INFORMATION_FORMAT = dwarf;
				ENABLE_STRICT_OBJC_MSGSEND = YES;
				ENABLE_TESTABILITY = YES;
				GCC_C_LANGUAGE_STANDARD = gnu11;
				GCC_DYNAMIC_NO_PIC = NO;
				GCC_NO_COMMON_BLOCKS = YES;
				GCC_OPTIMIZATION_LEVEL = 0;
				GCC_PREPROCESSOR_DEFINITIONS = (
					"$(inherited)",
					"DEBUG=1",
				);
				GCC_WARN_64_TO_32_BIT_CONVERSION = YES;
				GCC_WARN_ABOUT_RETURN_TYPE = YES_ERROR;
				GCC_WARN_UNDECLARED_SELECTOR = YES;
				GCC_WARN_UNINITIALIZED_AUTOS = YES_AGGRESSIVE;
				GCC_WARN_UNUSED_FUNCTION = YES;
				GCC_WARN_UNUSED_VARIABLE = YES;
				MTL_ENABLE_DEBUG_INFO = INCLUDE_SOURCE;
				MTL_FAST_MATH = YES;
				ONLY_ACTIVE_ARCH = YES;
				PRODUCT_NAME = "$(TARGET_NAME)";
				SDKROOT = macosx;
				SWIFT_ACTIVE_COMPILATION_CONDITIONS = DEBUG;
				SWIFT_OPTIMIZATION_LEVEL = "-Onone";
				SWIFT_VERSION = 5.0;
			};
			name = Debug;
		};
		E80E52E9EB9176B889266256 /* Debug */ = {
			isa = XCBuildConfiguration;
			buildSettings = {
				ASSETCATALOG_COMPILER_APPICON_NAME = AppIcon;
				AUTOMATION_APPLE_EVENTS = NO;
				CODE_SIGN_ENTITLEMENTS = "";
				CODE_SIGN_IDENTITY = "Apple Development";
				CODE_SIGN_STYLE = Automatic;
				COMBINE_HIDPI_IMAGES = YES;
				DEVELOPMENT_TEAM = 7SH72H7V87;
				ENABLE_HARDENED_RUNTIME = YES;
				ENABLE_RESOURCE_ACCESS_AUDIO_INPUT = NO;
				ENABLE_RESOURCE_ACCESS_CALENDARS = NO;
				ENABLE_RESOURCE_ACCESS_CAMERA = NO;
				ENABLE_RESOURCE_ACCESS_CONTACTS = NO;
				ENABLE_RESOURCE_ACCESS_LOCATION = NO;
				ENABLE_RESOURCE_ACCESS_PHOTO_LIBRARY = NO;
				INFOPLIST_FILE = Sources/JXRouter/Info.plist;
				INFOPLIST_KEY_CFBundleDisplayName = jxrouter;
				INFOPLIST_KEY_LSApplicationCategoryType = "public.app-category.utilities";
				LD_RUNPATH_SEARCH_PATHS = (
					"$(inherited)",
					"@executable_path/../Frameworks",
				);
				MACOSX_DEPLOYMENT_TARGET = 14.0;
				PRODUCT_BUNDLE_IDENTIFIER = com.marshaljlee.jxproxy;
				PROVISIONING_PROFILE_SPECIFIER = "";
				RUNTIME_EXCEPTION_ALLOW_DYLD_ENVIRONMENT_VARIABLES = NO;
				RUNTIME_EXCEPTION_ALLOW_JIT = YES;
				RUNTIME_EXCEPTION_ALLOW_UNSIGNED_EXECUTABLE_MEMORY = YES;
				RUNTIME_EXCEPTION_DEBUGGING_TOOL = NO;
				RUNTIME_EXCEPTION_DISABLE_EXECUTABLE_PAGE_PROTECTION = NO;
				RUNTIME_EXCEPTION_DISABLE_LIBRARY_VALIDATION = NO;
				SDKROOT = macosx;
			};
			name = Debug;
		};
		F4FA87E8FC8D4329E43B754E /* Release */ = {
			isa = XCBuildConfiguration;
			buildSettings = {
				ASSETCATALOG_COMPILER_APPICON_NAME = AppIcon;
				AUTOMATION_APPLE_EVENTS = NO;
				CODE_SIGN_ENTITLEMENTS = "";
				CODE_SIGN_IDENTITY = "Apple Development";
				CODE_SIGN_INJECT_BASE_ENTITLEMENTS = NO;
				CODE_SIGN_STYLE = Automatic;
				COMBINE_HIDPI_IMAGES = YES;
				DEVELOPMENT_TEAM = 7SH72H7V87;
				ENABLE_HARDENED_RUNTIME = YES;
				ENABLE_RESOURCE_ACCESS_AUDIO_INPUT = NO;
				ENABLE_RESOURCE_ACCESS_CALENDARS = NO;
				ENABLE_RESOURCE_ACCESS_CAMERA = NO;
				ENABLE_RESOURCE_ACCESS_CONTACTS = NO;
				ENABLE_RESOURCE_ACCESS_LOCATION = NO;
				ENABLE_RESOURCE_ACCESS_PHOTO_LIBRARY = NO;
				INFOPLIST_FILE = Sources/JXRouter/Info.plist;
				INFOPLIST_KEY_CFBundleDisplayName = jxrouter;
				INFOPLIST_KEY_LSApplicationCategoryType = "public.app-category.utilities";
				LD_RUNPATH_SEARCH_PATHS = (
					"$(inherited)",
					"@executable_path/../Frameworks",
				);
				MACOSX_DEPLOYMENT_TARGET = 14.0;
				PRODUCT_BUNDLE_IDENTIFIER = com.marshaljlee.jxproxy;
				PROVISIONING_PROFILE_SPECIFIER = "";
				RUNTIME_EXCEPTION_ALLOW_DYLD_ENVIRONMENT_VARIABLES = NO;
				RUNTIME_EXCEPTION_ALLOW_JIT = YES;
				RUNTIME_EXCEPTION_ALLOW_UNSIGNED_EXECUTABLE_MEMORY = YES;
				RUNTIME_EXCEPTION_DEBUGGING_TOOL = NO;
				RUNTIME_EXCEPTION_DISABLE_EXECUTABLE_PAGE_PROTECTION = NO;
				RUNTIME_EXCEPTION_DISABLE_LIBRARY_VALIDATION = NO;
				SDKROOT = macosx;
			};
			name = Release;
		};
		FBCF26EBC8B8F1B164F229B0 /* Release */ = {
			isa = XCBuildConfiguration;
			buildSettings = {
				ALWAYS_SEARCH_USER_PATHS = NO;
				CLANG_ANALYZER_NONNULL = YES;
				CLANG_ANALYZER_NUMBER_OBJECT_CONVERSION = YES_AGGRESSIVE;
				CLANG_CXX_LANGUAGE_STANDARD = "gnu++14";
				CLANG_CXX_LIBRARY = "libc++";
				CLANG_ENABLE_MODULES = YES;
				CLANG_ENABLE_OBJC_ARC = YES;
				CLANG_ENABLE_OBJC_WEAK = YES;
				CLANG_WARN_BLOCK_CAPTURE_AUTORELEASING = YES;
				CLANG_WARN_BOOL_CONVERSION = YES;
				CLANG_WARN_COMMA = YES;
				CLANG_WARN_CONSTANT_CONVERSION = YES;
				CLANG_WARN_DEPRECATED_OBJC_IMPLEMENTATIONS = YES;
				CLANG_WARN_DIRECT_OBJC_ISA_USAGE = YES_ERROR;
				CLANG_WARN_DOCUMENTATION_COMMENTS = YES;
				CLANG_WARN_EMPTY_BODY = YES;
				CLANG_WARN_ENUM_CONVERSION = YES;
				CLANG_WARN_INFINITE_RECURSION = YES;
				CLANG_WARN_INT_CONVERSION = YES;
				CLANG_WARN_NON_LITERAL_NULL_CONVERSION = YES;
				CLANG_WARN_OBJC_IMPLICIT_RETAIN_SELF = YES;
				CLANG_WARN_OBJC_LITERAL_CONVERSION = YES;
				CLANG_WARN_OBJC_ROOT_CLASS = YES_ERROR;
				CLANG_WARN_QUOTED_INCLUDE_IN_FRAMEWORK_HEADER = YES;
				CLANG_WARN_RANGE_LOOP_ANALYSIS = YES;
				CLANG_WARN_STRICT_PROTOTYPES = YES;
				CLANG_WARN_SUSPICIOUS_MOVE = YES;
				CLANG_WARN_UNGUARDED_AVAILABILITY = YES_AGGRESSIVE;
				CLANG_WARN_UNREACHABLE_CODE = YES;
				CLANG_WARN__DUPLICATE_METHOD_MATCH = YES;
				COPY_PHASE_STRIP = NO;
				DEBUG_INFORMATION_FORMAT = "dwarf-with-dsym";
				ENABLE_NS_ASSERTIONS = NO;
				ENABLE_STRICT_OBJC_MSGSEND = YES;
				GCC_C_LANGUAGE_STANDARD = gnu11;
				GCC_NO_COMMON_BLOCKS = YES;
				GCC_WARN_64_TO_32_BIT_CONVERSION = YES;
				GCC_WARN_ABOUT_RETURN_TYPE = YES_ERROR;
				GCC_WARN_UNDECLARED_SELECTOR = YES;
				GCC_WARN_UNINITIALIZED_AUTOS = YES_AGGRESSIVE;
				GCC_WARN_UNUSED_FUNCTION = YES;
				GCC_WARN_UNUSED_VARIABLE = YES;
				MTL_ENABLE_DEBUG_INFO = NO;
				MTL_FAST_MATH = YES;
				PRODUCT_NAME = "$(TARGET_NAME)";
				SDKROOT = macosx;
				SWIFT_COMPILATION_MODE = wholemodule;
				SWIFT_OPTIMIZATION_LEVEL = "-O";
				SWIFT_VERSION = 5.0;
			};
			name = Release;
		};
/* End XCBuildConfiguration section */

/* Begin XCConfigurationList section */
		D1A3DBD17C966BAC4D9323C9 /* Build configuration list for PBXProject "JXRouter" */ = {
			isa = XCConfigurationList;
			buildConfigurations = (
				A7361FDB32FC27F536602D53 /* Debug */,
				FBCF26EBC8B8F1B164F229B0 /* Release */,
			);
			defaultConfigurationIsVisible = 0;
			defaultConfigurationName = Debug;
		};
		DC909A65E3EF44C5EA4F5A53 /* Build configuration list for PBXNativeTarget "JXRouter" */ = {
			isa = XCConfigurationList;
			buildConfigurations = (
				E80E52E9EB9176B889266256 /* Debug */,
				F4FA87E8FC8D4329E43B754E /* Release */,
			);
			defaultConfigurationIsVisible = 0;
			defaultConfigurationName = Debug;
		};
/* End XCConfigurationList section */
	};
	rootObject = E3A3CC1F8127AEAB55DF44D3 /* Project object */;
}
